
Microsoft Visual Studio Solution File, Format Version 12.00
# Visual Studio Version 16
VisualStudioVersion = 16.0.30717.126
MinimumVisualStudioVersion = 10.0.40219.1
Project("{FAE04EC0-301F-11D3-BF4B-00C04F79EFBC}") = "SumaPSNR", "SumaPSNR.csproj", "{9C8C6757-4D1D-450D-956D-1BEB370EC8C9}"
EndProject
Global
	GlobalSection(SolutionConfigurationPlatforms) = preSolution
		Debug|Any CPU = Debug|Any CPU
		Release|Any CPU = Release|Any CPU
	EndGlobalSection
	GlobalSection(ProjectConfigurationPlatforms) = postSolution
		{9C8C6757-4D1D-450D-956D-1BEB370EC8C9}.Debug|Any CPU.ActiveCfg = Debug|Any CPU
		{9C8C6757-4D1D-450D-956D-1BEB370EC8C9}.Debug|Any CPU.Build.0 = Debug|Any CPU
		{9C8C6757-4D1D-450D-956D-1BEB370EC8C9}.Release|Any CPU.ActiveCfg = Release|Any CPU
		{9C8C6757-4D1D-450D-956D-1BEB370EC8C9}.Release|Any CPU.Build.0 = Release|Any CPU
	EndGlobalSection
	GlobalSection(SolutionProperties) = preSolution
		HideSolutionNode = FALSE
	EndGlobalSection
	GlobalSection(ExtensibilityGlobals) = postSolution
		SolutionGuid = {205DDDEC-9AED-4659-8FE8-F1280276EFB3}
	EndGlobalSection
EndGlobal
