
Microsoft Visual Studio Solution File, Format Version 12.00
# Visual Studio Version 16
VisualStudioVersion = 16.0.30523.141
MinimumVisualStudioVersion = 10.0.40219.1
Project("{FAE04EC0-301F-11D3-BF4B-00C04F79EFBC}") = "Ejercicio1", "Ejercicio1.csproj", "{503FCC14-7DD8-48E9-B0CB-425110DD5A82}"
EndProject
Global
	GlobalSection(SolutionConfigurationPlatforms) = preSolution
		Debug|Any CPU = Debug|Any CPU
		Release|Any CPU = Release|Any CPU
	EndGlobalSection
	GlobalSection(ProjectConfigurationPlatforms) = postSolution
		{503FCC14-7DD8-48E9-B0CB-425110DD5A82}.Debug|Any CPU.ActiveCfg = Debug|Any CPU
		{503FCC14-7DD8-48E9-B0CB-425110DD5A82}.Debug|Any CPU.Build.0 = Debug|Any CPU
		{503FCC14-7DD8-48E9-B0CB-425110DD5A82}.Release|Any CPU.ActiveCfg = Release|Any CPU
		{503FCC14-7DD8-48E9-B0CB-425110DD5A82}.Release|Any CPU.Build.0 = Release|Any CPU
	EndGlobalSection
	GlobalSection(SolutionProperties) = preSolution
		HideSolutionNode = FALSE
	EndGlobalSection
	GlobalSection(ExtensibilityGlobals) = postSolution
		SolutionGuid = {25B303A6-77F8-411C-9A33-8C167065E83B}
	EndGlobalSection
EndGlobal
