
Microsoft Visual Studio Solution File, Format Version 12.00
# Visual Studio Version 16
VisualStudioVersion = 16.0.30611.23
MinimumVisualStudioVersion = 10.0.40219.1
Project("{FAE04EC0-301F-11D3-BF4B-00C04F79EFBC}") = "Calculadora", "Calculadora.csproj", "{7FC1BF4A-1AB3-4D28-A475-445A179700F6}"
EndProject
Global
	GlobalSection(SolutionConfigurationPlatforms) = preSolution
		Debug|Any CPU = Debug|Any CPU
		Release|Any CPU = Release|Any CPU
	EndGlobalSection
	GlobalSection(ProjectConfigurationPlatforms) = postSolution
		{7FC1BF4A-1AB3-4D28-A475-445A179700F6}.Debug|Any CPU.ActiveCfg = Debug|Any CPU
		{7FC1BF4A-1AB3-4D28-A475-445A179700F6}.Debug|Any CPU.Build.0 = Debug|Any CPU
		{7FC1BF4A-1AB3-4D28-A475-445A179700F6}.Release|Any CPU.ActiveCfg = Release|Any CPU
		{7FC1BF4A-1AB3-4D28-A475-445A179700F6}.Release|Any CPU.Build.0 = Release|Any CPU
	EndGlobalSection
	GlobalSection(SolutionProperties) = preSolution
		HideSolutionNode = FALSE
	EndGlobalSection
	GlobalSection(ExtensibilityGlobals) = postSolution
		SolutionGuid = {48D6F2E0-D0D7-4A64-989F-652F83AE7801}
	EndGlobalSection
EndGlobal
