
Microsoft Visual Studio Solution File, Format Version 12.00
# Visual Studio Version 16
VisualStudioVersion = 16.0.30717.126
MinimumVisualStudioVersion = 10.0.40219.1
Project("{FAE04EC0-301F-11D3-BF4B-00C04F79EFBC}") = "SimuladorMovimiento", "SimuladorMovimiento.csproj", "{C3DA61E2-E631-40B1-826D-6D1FEAFF31C3}"
EndProject
Global
	GlobalSection(SolutionConfigurationPlatforms) = preSolution
		Debug|Any CPU = Debug|Any CPU
		Release|Any CPU = Release|Any CPU
	EndGlobalSection
	GlobalSection(ProjectConfigurationPlatforms) = postSolution
		{C3DA61E2-E631-40B1-826D-6D1FEAFF31C3}.Debug|Any CPU.ActiveCfg = Debug|Any CPU
		{C3DA61E2-E631-40B1-826D-6D1FEAFF31C3}.Debug|Any CPU.Build.0 = Debug|Any CPU
		{C3DA61E2-E631-40B1-826D-6D1FEAFF31C3}.Release|Any CPU.ActiveCfg = Release|Any CPU
		{C3DA61E2-E631-40B1-826D-6D1FEAFF31C3}.Release|Any CPU.Build.0 = Release|Any CPU
	EndGlobalSection
	GlobalSection(SolutionProperties) = preSolution
		HideSolutionNode = FALSE
	EndGlobalSection
	GlobalSection(ExtensibilityGlobals) = postSolution
		SolutionGuid = {8EC4DA8B-0AC5-4DE5-8DE6-07E1A286CF6F}
	EndGlobalSection
EndGlobal
