
Microsoft Visual Studio Solution File, Format Version 12.00
# Visual Studio Version 16
VisualStudioVersion = 16.0.30611.23
MinimumVisualStudioVersion = 10.0.40219.1
Project("{FAE04EC0-301F-11D3-BF4B-00C04F79EFBC}") = "CorreoSMTP", "CorreoSMTP.csproj", "{CFD867E7-B38B-4CB8-9156-9E63FC67BB82}"
EndProject
Global
	GlobalSection(SolutionConfigurationPlatforms) = preSolution
		Debug|Any CPU = Debug|Any CPU
		Release|Any CPU = Release|Any CPU
	EndGlobalSection
	GlobalSection(ProjectConfigurationPlatforms) = postSolution
		{CFD867E7-B38B-4CB8-9156-9E63FC67BB82}.Debug|Any CPU.ActiveCfg = Debug|Any CPU
		{CFD867E7-B38B-4CB8-9156-9E63FC67BB82}.Debug|Any CPU.Build.0 = Debug|Any CPU
		{CFD867E7-B38B-4CB8-9156-9E63FC67BB82}.Release|Any CPU.ActiveCfg = Release|Any CPU
		{CFD867E7-B38B-4CB8-9156-9E63FC67BB82}.Release|Any CPU.Build.0 = Release|Any CPU
	EndGlobalSection
	GlobalSection(SolutionProperties) = preSolution
		HideSolutionNode = FALSE
	EndGlobalSection
	GlobalSection(ExtensibilityGlobals) = postSolution
		SolutionGuid = {D70DAB46-7073-48EC-9573-B377A625F426}
	EndGlobalSection
EndGlobal
