
Microsoft Visual Studio Solution File, Format Version 12.00
# Visual Studio Version 16
VisualStudioVersion = 16.0.30611.23
MinimumVisualStudioVersion = 10.0.40219.1
Project("{FAE04EC0-301F-11D3-BF4B-00C04F79EFBC}") = "Server", "Server.csproj", "{3DF3557A-FC78-48EC-9A0A-622A04F49C80}"
EndProject
Global
	GlobalSection(SolutionConfigurationPlatforms) = preSolution
		Debug|Any CPU = Debug|Any CPU
		Release|Any CPU = Release|Any CPU
	EndGlobalSection
	GlobalSection(ProjectConfigurationPlatforms) = postSolution
		{3DF3557A-FC78-48EC-9A0A-622A04F49C80}.Debug|Any CPU.ActiveCfg = Debug|Any CPU
		{3DF3557A-FC78-48EC-9A0A-622A04F49C80}.Debug|Any CPU.Build.0 = Debug|Any CPU
		{3DF3557A-FC78-48EC-9A0A-622A04F49C80}.Release|Any CPU.ActiveCfg = Release|Any CPU
		{3DF3557A-FC78-48EC-9A0A-622A04F49C80}.Release|Any CPU.Build.0 = Release|Any CPU
	EndGlobalSection
	GlobalSection(SolutionProperties) = preSolution
		HideSolutionNode = FALSE
	EndGlobalSection
	GlobalSection(ExtensibilityGlobals) = postSolution
		SolutionGuid = {036732C0-FB76-4248-BC28-A90210A93B3A}
	EndGlobalSection
EndGlobal
